
Microsoft Visual Studio Solution File, Format Version 12.00
# Visual Studio Version 17
VisualStudioVersion = 17.5.33516.290
MinimumVisualStudioVersion = 10.0.40219.1
Project("{FAE04EC0-301F-11D3-BF4B-00C04F79EFBC}") = "MQTT_Logger_Client", "MQTT_Logger_Client\MQTT_Logger_Client.csproj", "{14CF2391-26F6-4DFD-A111-1555AEA4FF5D}"
EndProject
Global
	GlobalSection(SolutionConfigurationPlatforms) = preSolution
		Debug|Any CPU = Debug|Any CPU
		Release|Any CPU = Release|Any CPU
	EndGlobalSection
	GlobalSection(ProjectConfigurationPlatforms) = postSolution
		{14CF2391-26F6-4DFD-A111-1555AEA4FF5D}.Debug|Any CPU.ActiveCfg = Debug|Any CPU
		{14CF2391-26F6-4DFD-A111-1555AEA4FF5D}.Debug|Any CPU.Build.0 = Debug|Any CPU
		{14CF2391-26F6-4DFD-A111-1555AEA4FF5D}.Release|Any CPU.ActiveCfg = Release|Any CPU
		{14CF2391-26F6-4DFD-A111-1555AEA4FF5D}.Release|Any CPU.Build.0 = Release|Any CPU
	EndGlobalSection
	GlobalSection(SolutionProperties) = preSolution
		HideSolutionNode = FALSE
	EndGlobalSection
	GlobalSection(ExtensibilityGlobals) = postSolution
		SolutionGuid = {64D85E1F-EDF6-41DD-8E7E-D2B80B300D87}
	EndGlobalSection
EndGlobal
